
Microsoft Visual Studio Solution File, Format Version 12.00
# Visual Studio 14
VisualStudioVersion = 14.0.25420.1
MinimumVisualStudioVersion = 10.0.40219.1
Project("{FAE04EC0-301F-11D3-BF4B-00C04F79EFBC}") = "CiCdApp", "CiCdApp\CiCdApp\CiCdApp.csproj", "{0A75AB09-150B-453D-A702-4A0C0549C162}"
EndProject
Project("{FAE04EC0-301F-11D3-BF4B-00C04F79EFBC}") = "CiCdApp.Droid", "CiCdApp\CiCdApp.Droid\CiCdApp.Droid.csproj", "{BADEB149-59E1-4623-A79F-89745A7217C6}"
EndProject
Project("{FAE04EC0-301F-11D3-BF4B-00C04F79EFBC}") = "CiCdApp.iOS", "CiCdApp\CiCdApp.iOS\CiCdApp.iOS.csproj", "{D2319F98-AA43-484C-B3CD-7AB70ED43ED7}"
EndProject
Project("{FAE04EC0-301F-11D3-BF4B-00C04F79EFBC}") = "CiCdApp.UWP", "CiCdApp\CiCdApp.UWP\CiCdApp.UWP.csproj", "{BFE4088F-FB1B-4B90-8D40-5D9A3BBFAF09}"
EndProject
Project("{FAE04EC0-301F-11D3-BF4B-00C04F79EFBC}") = "CiCdApp.UITest", "CiCdApp\CiCdApp.UITest\CiCdApp.UITest.csproj", "{2B2B9A65-3292-422D-A01C-C41C372EB7C6}"
EndProject
Project("{FAE04EC0-301F-11D3-BF4B-00C04F79EFBC}") = "CiCdApp.UnitTest", "CiCdApp\CiCdApp.UnitTest\CiCdApp.UnitTest.csproj", "{1316C9CC-0C08-467A-A963-10F04322C29F}"
EndProject
Project("{FAE04EC0-301F-11D3-BF4B-00C04F79EFBC}") = "CiCdApp.Droid.UnitTest", "CiCdApp\CiCdApp.Droid.UnitTest\CiCdApp.Droid.UnitTest.csproj", "{7C0491C0-B3EF-40FD-9C50-7706014A6BEF}"
EndProject
Project("{FAE04EC0-301F-11D3-BF4B-00C04F79EFBC}") = "CiCdApp.iOS.UnitTest", "CiCdApp\CiCdApp.iOS.UnitTest\CiCdApp.iOS.UnitTest.csproj", "{242F1A7F-C45C-43F1-A5F9-495C436891AA}"
EndProject
Global
	GlobalSection(SolutionConfigurationPlatforms) = preSolution
		Ad-Hoc|Any CPU = Ad-Hoc|Any CPU
		Ad-Hoc|ARM = Ad-Hoc|ARM
		Ad-Hoc|iPhone = Ad-Hoc|iPhone
		Ad-Hoc|iPhoneSimulator = Ad-Hoc|iPhoneSimulator
		Ad-Hoc|x64 = Ad-Hoc|x64
		Ad-Hoc|x86 = Ad-Hoc|x86
		AppStore|Any CPU = AppStore|Any CPU
		AppStore|ARM = AppStore|ARM
		AppStore|iPhone = AppStore|iPhone
		AppStore|iPhoneSimulator = AppStore|iPhoneSimulator
		AppStore|x64 = AppStore|x64
		AppStore|x86 = AppStore|x86
		Debug|Any CPU = Debug|Any CPU
		Debug|ARM = Debug|ARM
		Debug|iPhone = Debug|iPhone
		Debug|iPhoneSimulator = Debug|iPhoneSimulator
		Debug|x64 = Debug|x64
		Debug|x86 = Debug|x86
		Release|Any CPU = Release|Any CPU
		Release|ARM = Release|ARM
		Release|iPhone = Release|iPhone
		Release|iPhoneSimulator = Release|iPhoneSimulator
		Release|x64 = Release|x64
		Release|x86 = Release|x86
		UITest|Any CPU = UITest|Any CPU
		UITest|ARM = UITest|ARM
		UITest|iPhone = UITest|iPhone
		UITest|iPhoneSimulator = UITest|iPhoneSimulator
		UITest|x64 = UITest|x64
		UITest|x86 = UITest|x86
	EndGlobalSection
	GlobalSection(ProjectConfigurationPlatforms) = postSolution
		{0A75AB09-150B-453D-A702-4A0C0549C162}.Ad-Hoc|Any CPU.ActiveCfg = Release|Any CPU
		{0A75AB09-150B-453D-A702-4A0C0549C162}.Ad-Hoc|Any CPU.Build.0 = Release|Any CPU
		{0A75AB09-150B-453D-A702-4A0C0549C162}.Ad-Hoc|ARM.ActiveCfg = Release|Any CPU
		{0A75AB09-150B-453D-A702-4A0C0549C162}.Ad-Hoc|ARM.Build.0 = Release|Any CPU
		{0A75AB09-150B-453D-A702-4A0C0549C162}.Ad-Hoc|iPhone.ActiveCfg = Release|Any CPU
		{0A75AB09-150B-453D-A702-4A0C0549C162}.Ad-Hoc|iPhone.Build.0 = Release|Any CPU
		{0A75AB09-150B-453D-A702-4A0C0549C162}.Ad-Hoc|iPhoneSimulator.ActiveCfg = Release|Any CPU
		{0A75AB09-150B-453D-A702-4A0C0549C162}.Ad-Hoc|iPhoneSimulator.Build.0 = Release|Any CPU
		{0A75AB09-150B-453D-A702-4A0C0549C162}.Ad-Hoc|x64.ActiveCfg = Release|Any CPU
		{0A75AB09-150B-453D-A702-4A0C0549C162}.Ad-Hoc|x64.Build.0 = Release|Any CPU
		{0A75AB09-150B-453D-A702-4A0C0549C162}.Ad-Hoc|x86.ActiveCfg = Release|Any CPU
		{0A75AB09-150B-453D-A702-4A0C0549C162}.Ad-Hoc|x86.Build.0 = Release|Any CPU
		{0A75AB09-150B-453D-A702-4A0C0549C162}.AppStore|Any CPU.ActiveCfg = Release|Any CPU
		{0A75AB09-150B-453D-A702-4A0C0549C162}.AppStore|Any CPU.Build.0 = Release|Any CPU
		{0A75AB09-150B-453D-A702-4A0C0549C162}.AppStore|ARM.ActiveCfg = Release|Any CPU
		{0A75AB09-150B-453D-A702-4A0C0549C162}.AppStore|ARM.Build.0 = Release|Any CPU
		{0A75AB09-150B-453D-A702-4A0C0549C162}.AppStore|iPhone.ActiveCfg = Release|Any CPU
		{0A75AB09-150B-453D-A702-4A0C0549C162}.AppStore|iPhone.Build.0 = Release|Any CPU
		{0A75AB09-150B-453D-A702-4A0C0549C162}.AppStore|iPhoneSimulator.ActiveCfg = Release|Any CPU
		{0A75AB09-150B-453D-A702-4A0C0549C162}.AppStore|iPhoneSimulator.Build.0 = Release|Any CPU
		{0A75AB09-150B-453D-A702-4A0C0549C162}.AppStore|x64.ActiveCfg = Release|Any CPU
		{0A75AB09-150B-453D-A702-4A0C0549C162}.AppStore|x64.Build.0 = Release|Any CPU
		{0A75AB09-150B-453D-A702-4A0C0549C162}.AppStore|x86.ActiveCfg = Release|Any CPU
		{0A75AB09-150B-453D-A702-4A0C0549C162}.AppStore|x86.Build.0 = Release|Any CPU
		{0A75AB09-150B-453D-A702-4A0C0549C162}.Debug|Any CPU.ActiveCfg = Debug|Any CPU
		{0A75AB09-150B-453D-A702-4A0C0549C162}.Debug|Any CPU.Build.0 = Debug|Any CPU
		{0A75AB09-150B-453D-A702-4A0C0549C162}.Debug|ARM.ActiveCfg = Debug|Any CPU
		{0A75AB09-150B-453D-A702-4A0C0549C162}.Debug|ARM.Build.0 = Debug|Any CPU
		{0A75AB09-150B-453D-A702-4A0C0549C162}.Debug|iPhone.ActiveCfg = Debug|Any CPU
		{0A75AB09-150B-453D-A702-4A0C0549C162}.Debug|iPhone.Build.0 = Debug|Any CPU
		{0A75AB09-150B-453D-A702-4A0C0549C162}.Debug|iPhoneSimulator.ActiveCfg = Debug|Any CPU
		{0A75AB09-150B-453D-A702-4A0C0549C162}.Debug|iPhoneSimulator.Build.0 = Debug|Any CPU
		{0A75AB09-150B-453D-A702-4A0C0549C162}.Debug|x64.ActiveCfg = Debug|Any CPU
		{0A75AB09-150B-453D-A702-4A0C0549C162}.Debug|x64.Build.0 = Debug|Any CPU
		{0A75AB09-150B-453D-A702-4A0C0549C162}.Debug|x86.ActiveCfg = Debug|Any CPU
		{0A75AB09-150B-453D-A702-4A0C0549C162}.Debug|x86.Build.0 = Debug|Any CPU
		{0A75AB09-150B-453D-A702-4A0C0549C162}.Release|Any CPU.ActiveCfg = Release|Any CPU
		{0A75AB09-150B-453D-A702-4A0C0549C162}.Release|Any CPU.Build.0 = Release|Any CPU
		{0A75AB09-150B-453D-A702-4A0C0549C162}.Release|ARM.ActiveCfg = Release|Any CPU
		{0A75AB09-150B-453D-A702-4A0C0549C162}.Release|ARM.Build.0 = Release|Any CPU
		{0A75AB09-150B-453D-A702-4A0C0549C162}.Release|iPhone.ActiveCfg = Release|Any CPU
		{0A75AB09-150B-453D-A702-4A0C0549C162}.Release|iPhone.Build.0 = Release|Any CPU
		{0A75AB09-150B-453D-A702-4A0C0549C162}.Release|iPhoneSimulator.ActiveCfg = Release|Any CPU
		{0A75AB09-150B-453D-A702-4A0C0549C162}.Release|iPhoneSimulator.Build.0 = Release|Any CPU
		{0A75AB09-150B-453D-A702-4A0C0549C162}.Release|x64.ActiveCfg = Release|Any CPU
		{0A75AB09-150B-453D-A702-4A0C0549C162}.Release|x64.Build.0 = Release|Any CPU
		{0A75AB09-150B-453D-A702-4A0C0549C162}.Release|x86.ActiveCfg = Release|Any CPU
		{0A75AB09-150B-453D-A702-4A0C0549C162}.Release|x86.Build.0 = Release|Any CPU
		{0A75AB09-150B-453D-A702-4A0C0549C162}.UITest|Any CPU.ActiveCfg = UITest|Any CPU
		{0A75AB09-150B-453D-A702-4A0C0549C162}.UITest|Any CPU.Build.0 = UITest|Any CPU
		{0A75AB09-150B-453D-A702-4A0C0549C162}.UITest|ARM.ActiveCfg = UITest|Any CPU
		{0A75AB09-150B-453D-A702-4A0C0549C162}.UITest|ARM.Build.0 = UITest|Any CPU
		{0A75AB09-150B-453D-A702-4A0C0549C162}.UITest|iPhone.ActiveCfg = UITest|Any CPU
		{0A75AB09-150B-453D-A702-4A0C0549C162}.UITest|iPhone.Build.0 = UITest|Any CPU
		{0A75AB09-150B-453D-A702-4A0C0549C162}.UITest|iPhoneSimulator.ActiveCfg = UITest|Any CPU
		{0A75AB09-150B-453D-A702-4A0C0549C162}.UITest|iPhoneSimulator.Build.0 = UITest|Any CPU
		{0A75AB09-150B-453D-A702-4A0C0549C162}.UITest|x64.ActiveCfg = UITest|Any CPU
		{0A75AB09-150B-453D-A702-4A0C0549C162}.UITest|x64.Build.0 = UITest|Any CPU
		{0A75AB09-150B-453D-A702-4A0C0549C162}.UITest|x86.ActiveCfg = UITest|Any CPU
		{0A75AB09-150B-453D-A702-4A0C0549C162}.UITest|x86.Build.0 = UITest|Any CPU
		{BADEB149-59E1-4623-A79F-89745A7217C6}.Ad-Hoc|Any CPU.ActiveCfg = Release|Any CPU
		{BADEB149-59E1-4623-A79F-89745A7217C6}.Ad-Hoc|Any CPU.Build.0 = Release|Any CPU
		{BADEB149-59E1-4623-A79F-89745A7217C6}.Ad-Hoc|Any CPU.Deploy.0 = Release|Any CPU
		{BADEB149-59E1-4623-A79F-89745A7217C6}.Ad-Hoc|ARM.ActiveCfg = Release|Any CPU
		{BADEB149-59E1-4623-A79F-89745A7217C6}.Ad-Hoc|ARM.Build.0 = Release|Any CPU
		{BADEB149-59E1-4623-A79F-89745A7217C6}.Ad-Hoc|ARM.Deploy.0 = Release|Any CPU
		{BADEB149-59E1-4623-A79F-89745A7217C6}.Ad-Hoc|iPhone.ActiveCfg = Release|Any CPU
		{BADEB149-59E1-4623-A79F-89745A7217C6}.Ad-Hoc|iPhone.Build.0 = Release|Any CPU
		{BADEB149-59E1-4623-A79F-89745A7217C6}.Ad-Hoc|iPhone.Deploy.0 = Release|Any CPU
		{BADEB149-59E1-4623-A79F-89745A7217C6}.Ad-Hoc|iPhoneSimulator.ActiveCfg = Release|Any CPU
		{BADEB149-59E1-4623-A79F-89745A7217C6}.Ad-Hoc|iPhoneSimulator.Build.0 = Release|Any CPU
		{BADEB149-59E1-4623-A79F-89745A7217C6}.Ad-Hoc|iPhoneSimulator.Deploy.0 = Release|Any CPU
		{BADEB149-59E1-4623-A79F-89745A7217C6}.Ad-Hoc|x64.ActiveCfg = Release|Any CPU
		{BADEB149-59E1-4623-A79F-89745A7217C6}.Ad-Hoc|x64.Build.0 = Release|Any CPU
		{BADEB149-59E1-4623-A79F-89745A7217C6}.Ad-Hoc|x64.Deploy.0 = Release|Any CPU
		{BADEB149-59E1-4623-A79F-89745A7217C6}.Ad-Hoc|x86.ActiveCfg = Release|Any CPU
		{BADEB149-59E1-4623-A79F-89745A7217C6}.Ad-Hoc|x86.Build.0 = Release|Any CPU
		{BADEB149-59E1-4623-A79F-89745A7217C6}.Ad-Hoc|x86.Deploy.0 = Release|Any CPU
		{BADEB149-59E1-4623-A79F-89745A7217C6}.AppStore|Any CPU.ActiveCfg = Release|Any CPU
		{BADEB149-59E1-4623-A79F-89745A7217C6}.AppStore|Any CPU.Deploy.0 = Release|Any CPU
		{BADEB149-59E1-4623-A79F-89745A7217C6}.AppStore|ARM.ActiveCfg = Release|Any CPU
		{BADEB149-59E1-4623-A79F-89745A7217C6}.AppStore|ARM.Build.0 = Release|Any CPU
		{BADEB149-59E1-4623-A79F-89745A7217C6}.AppStore|ARM.Deploy.0 = Release|Any CPU
		{BADEB149-59E1-4623-A79F-89745A7217C6}.AppStore|iPhone.ActiveCfg = Release|Any CPU
		{BADEB149-59E1-4623-A79F-89745A7217C6}.AppStore|iPhone.Deploy.0 = Release|Any CPU
		{BADEB149-59E1-4623-A79F-89745A7217C6}.AppStore|iPhoneSimulator.ActiveCfg = Release|Any CPU
		{BADEB149-59E1-4623-A79F-89745A7217C6}.AppStore|iPhoneSimulator.Build.0 = Release|Any CPU
		{BADEB149-59E1-4623-A79F-89745A7217C6}.AppStore|iPhoneSimulator.Deploy.0 = Release|Any CPU
		{BADEB149-59E1-4623-A79F-89745A7217C6}.AppStore|x64.ActiveCfg = Release|Any CPU
		{BADEB149-59E1-4623-A79F-89745A7217C6}.AppStore|x64.Build.0 = Release|Any CPU
		{BADEB149-59E1-4623-A79F-89745A7217C6}.AppStore|x64.Deploy.0 = Release|Any CPU
		{BADEB149-59E1-4623-A79F-89745A7217C6}.AppStore|x86.ActiveCfg = Release|Any CPU
		{BADEB149-59E1-4623-A79F-89745A7217C6}.AppStore|x86.Build.0 = Release|Any CPU
		{BADEB149-59E1-4623-A79F-89745A7217C6}.AppStore|x86.Deploy.0 = Release|Any CPU
		{BADEB149-59E1-4623-A79F-89745A7217C6}.Debug|Any CPU.ActiveCfg = Debug|Any CPU
		{BADEB149-59E1-4623-A79F-89745A7217C6}.Debug|Any CPU.Build.0 = Debug|Any CPU
		{BADEB149-59E1-4623-A79F-89745A7217C6}.Debug|Any CPU.Deploy.0 = Debug|Any CPU
		{BADEB149-59E1-4623-A79F-89745A7217C6}.Debug|ARM.ActiveCfg = Debug|Any CPU
		{BADEB149-59E1-4623-A79F-89745A7217C6}.Debug|ARM.Build.0 = Debug|Any CPU
		{BADEB149-59E1-4623-A79F-89745A7217C6}.Debug|ARM.Deploy.0 = Debug|Any CPU
		{BADEB149-59E1-4623-A79F-89745A7217C6}.Debug|iPhone.ActiveCfg = Debug|Any CPU
		{BADEB149-59E1-4623-A79F-89745A7217C6}.Debug|iPhone.Deploy.0 = Debug|Any CPU
		{BADEB149-59E1-4623-A79F-89745A7217C6}.Debug|iPhoneSimulator.ActiveCfg = Debug|Any CPU
		{BADEB149-59E1-4623-A79F-89745A7217C6}.Debug|iPhoneSimulator.Build.0 = Debug|Any CPU
		{BADEB149-59E1-4623-A79F-89745A7217C6}.Debug|iPhoneSimulator.Deploy.0 = Debug|Any CPU
		{BADEB149-59E1-4623-A79F-89745A7217C6}.Debug|x64.ActiveCfg = Debug|Any CPU
		{BADEB149-59E1-4623-A79F-89745A7217C6}.Debug|x64.Build.0 = Debug|Any CPU
		{BADEB149-59E1-4623-A79F-89745A7217C6}.Debug|x64.Deploy.0 = Debug|Any CPU
		{BADEB149-59E1-4623-A79F-89745A7217C6}.Debug|x86.ActiveCfg = Debug|Any CPU
		{BADEB149-59E1-4623-A79F-89745A7217C6}.Debug|x86.Build.0 = Debug|Any CPU
		{BADEB149-59E1-4623-A79F-89745A7217C6}.Debug|x86.Deploy.0 = Debug|Any CPU
		{BADEB149-59E1-4623-A79F-89745A7217C6}.Release|Any CPU.ActiveCfg = Release|Any CPU
		{BADEB149-59E1-4623-A79F-89745A7217C6}.Release|Any CPU.Build.0 = Release|Any CPU
		{BADEB149-59E1-4623-A79F-89745A7217C6}.Release|Any CPU.Deploy.0 = Release|Any CPU
		{BADEB149-59E1-4623-A79F-89745A7217C6}.Release|ARM.ActiveCfg = Release|Any CPU
		{BADEB149-59E1-4623-A79F-89745A7217C6}.Release|ARM.Deploy.0 = Release|Any CPU
		{BADEB149-59E1-4623-A79F-89745A7217C6}.Release|iPhone.ActiveCfg = Release|Any CPU
		{BADEB149-59E1-4623-A79F-89745A7217C6}.Release|iPhone.Build.0 = Release|Any CPU
		{BADEB149-59E1-4623-A79F-89745A7217C6}.Release|iPhone.Deploy.0 = Release|Any CPU
		{BADEB149-59E1-4623-A79F-89745A7217C6}.Release|iPhoneSimulator.ActiveCfg = Release|Any CPU
		{BADEB149-59E1-4623-A79F-89745A7217C6}.Release|iPhoneSimulator.Build.0 = Release|Any CPU
		{BADEB149-59E1-4623-A79F-89745A7217C6}.Release|iPhoneSimulator.Deploy.0 = Release|Any CPU
		{BADEB149-59E1-4623-A79F-89745A7217C6}.Release|x64.ActiveCfg = Release|Any CPU
		{BADEB149-59E1-4623-A79F-89745A7217C6}.Release|x64.Deploy.0 = Release|Any CPU
		{BADEB149-59E1-4623-A79F-89745A7217C6}.Release|x86.ActiveCfg = Release|Any CPU
		{BADEB149-59E1-4623-A79F-89745A7217C6}.Release|x86.Deploy.0 = Release|Any CPU
		{BADEB149-59E1-4623-A79F-89745A7217C6}.UITest|Any CPU.ActiveCfg = UITest|Any CPU
		{BADEB149-59E1-4623-A79F-89745A7217C6}.UITest|Any CPU.Build.0 = UITest|Any CPU
		{BADEB149-59E1-4623-A79F-89745A7217C6}.UITest|Any CPU.Deploy.0 = UITest|Any CPU
		{BADEB149-59E1-4623-A79F-89745A7217C6}.UITest|ARM.ActiveCfg = UITest|Any CPU
		{BADEB149-59E1-4623-A79F-89745A7217C6}.UITest|ARM.Build.0 = UITest|Any CPU
		{BADEB149-59E1-4623-A79F-89745A7217C6}.UITest|ARM.Deploy.0 = UITest|Any CPU
		{BADEB149-59E1-4623-A79F-89745A7217C6}.UITest|iPhone.ActiveCfg = UITest|Any CPU
		{BADEB149-59E1-4623-A79F-89745A7217C6}.UITest|iPhone.Deploy.0 = UITest|Any CPU
		{BADEB149-59E1-4623-A79F-89745A7217C6}.UITest|iPhoneSimulator.ActiveCfg = UITest|Any CPU
		{BADEB149-59E1-4623-A79F-89745A7217C6}.UITest|iPhoneSimulator.Build.0 = UITest|Any CPU
		{BADEB149-59E1-4623-A79F-89745A7217C6}.UITest|iPhoneSimulator.Deploy.0 = UITest|Any CPU
		{BADEB149-59E1-4623-A79F-89745A7217C6}.UITest|x64.ActiveCfg = UITest|Any CPU
		{BADEB149-59E1-4623-A79F-89745A7217C6}.UITest|x64.Build.0 = UITest|Any CPU
		{BADEB149-59E1-4623-A79F-89745A7217C6}.UITest|x64.Deploy.0 = UITest|Any CPU
		{BADEB149-59E1-4623-A79F-89745A7217C6}.UITest|x86.ActiveCfg = UITest|Any CPU
		{BADEB149-59E1-4623-A79F-89745A7217C6}.UITest|x86.Build.0 = UITest|Any CPU
		{BADEB149-59E1-4623-A79F-89745A7217C6}.UITest|x86.Deploy.0 = UITest|Any CPU
		{D2319F98-AA43-484C-B3CD-7AB70ED43ED7}.Ad-Hoc|Any CPU.ActiveCfg = Ad-Hoc|iPhone
		{D2319F98-AA43-484C-B3CD-7AB70ED43ED7}.Ad-Hoc|ARM.ActiveCfg = Ad-Hoc|iPhone
		{D2319F98-AA43-484C-B3CD-7AB70ED43ED7}.Ad-Hoc|iPhone.ActiveCfg = Ad-Hoc|iPhone
		{D2319F98-AA43-484C-B3CD-7AB70ED43ED7}.Ad-Hoc|iPhone.Build.0 = Ad-Hoc|iPhone
		{D2319F98-AA43-484C-B3CD-7AB70ED43ED7}.Ad-Hoc|iPhoneSimulator.ActiveCfg = Ad-Hoc|iPhoneSimulator
		{D2319F98-AA43-484C-B3CD-7AB70ED43ED7}.Ad-Hoc|iPhoneSimulator.Build.0 = Ad-Hoc|iPhoneSimulator
		{D2319F98-AA43-484C-B3CD-7AB70ED43ED7}.Ad-Hoc|x64.ActiveCfg = Ad-Hoc|iPhone
		{D2319F98-AA43-484C-B3CD-7AB70ED43ED7}.Ad-Hoc|x86.ActiveCfg = Ad-Hoc|iPhone
		{D2319F98-AA43-484C-B3CD-7AB70ED43ED7}.AppStore|Any CPU.ActiveCfg = AppStore|iPhone
		{D2319F98-AA43-484C-B3CD-7AB70ED43ED7}.AppStore|Any CPU.Build.0 = AppStore|iPhone
		{D2319F98-AA43-484C-B3CD-7AB70ED43ED7}.AppStore|ARM.ActiveCfg = AppStore|iPhone
		{D2319F98-AA43-484C-B3CD-7AB70ED43ED7}.AppStore|iPhone.ActiveCfg = AppStore|iPhone
		{D2319F98-AA43-484C-B3CD-7AB70ED43ED7}.AppStore|iPhone.Build.0 = AppStore|iPhone
		{D2319F98-AA43-484C-B3CD-7AB70ED43ED7}.AppStore|iPhoneSimulator.ActiveCfg = AppStore|iPhoneSimulator
		{D2319F98-AA43-484C-B3CD-7AB70ED43ED7}.AppStore|iPhoneSimulator.Build.0 = AppStore|iPhoneSimulator
		{D2319F98-AA43-484C-B3CD-7AB70ED43ED7}.AppStore|x64.ActiveCfg = AppStore|iPhone
		{D2319F98-AA43-484C-B3CD-7AB70ED43ED7}.AppStore|x86.ActiveCfg = AppStore|iPhone
		{D2319F98-AA43-484C-B3CD-7AB70ED43ED7}.Debug|Any CPU.ActiveCfg = Debug|iPhone
		{D2319F98-AA43-484C-B3CD-7AB70ED43ED7}.Debug|ARM.ActiveCfg = Debug|iPhone
		{D2319F98-AA43-484C-B3CD-7AB70ED43ED7}.Debug|iPhone.ActiveCfg = Debug|iPhone
		{D2319F98-AA43-484C-B3CD-7AB70ED43ED7}.Debug|iPhone.Build.0 = Debug|iPhone
		{D2319F98-AA43-484C-B3CD-7AB70ED43ED7}.Debug|iPhoneSimulator.ActiveCfg = Debug|iPhoneSimulator
		{D2319F98-AA43-484C-B3CD-7AB70ED43ED7}.Debug|iPhoneSimulator.Build.0 = Debug|iPhoneSimulator
		{D2319F98-AA43-484C-B3CD-7AB70ED43ED7}.Debug|x64.ActiveCfg = Debug|iPhone
		{D2319F98-AA43-484C-B3CD-7AB70ED43ED7}.Debug|x86.ActiveCfg = Debug|iPhone
		{D2319F98-AA43-484C-B3CD-7AB70ED43ED7}.Release|Any CPU.ActiveCfg = Release|iPhone
		{D2319F98-AA43-484C-B3CD-7AB70ED43ED7}.Release|ARM.ActiveCfg = Release|iPhone
		{D2319F98-AA43-484C-B3CD-7AB70ED43ED7}.Release|iPhone.ActiveCfg = Release|iPhone
		{D2319F98-AA43-484C-B3CD-7AB70ED43ED7}.Release|iPhone.Build.0 = Release|iPhone
		{D2319F98-AA43-484C-B3CD-7AB70ED43ED7}.Release|iPhoneSimulator.ActiveCfg = Release|iPhoneSimulator
		{D2319F98-AA43-484C-B3CD-7AB70ED43ED7}.Release|iPhoneSimulator.Build.0 = Release|iPhoneSimulator
		{D2319F98-AA43-484C-B3CD-7AB70ED43ED7}.Release|x64.ActiveCfg = Release|iPhone
		{D2319F98-AA43-484C-B3CD-7AB70ED43ED7}.Release|x86.ActiveCfg = Release|iPhone
		{D2319F98-AA43-484C-B3CD-7AB70ED43ED7}.UITest|Any CPU.ActiveCfg = UITest|iPhone
		{D2319F98-AA43-484C-B3CD-7AB70ED43ED7}.UITest|Any CPU.Build.0 = UITest|iPhone
		{D2319F98-AA43-484C-B3CD-7AB70ED43ED7}.UITest|ARM.ActiveCfg = UITest|iPhone
		{D2319F98-AA43-484C-B3CD-7AB70ED43ED7}.UITest|iPhone.ActiveCfg = UITest|iPhone
		{D2319F98-AA43-484C-B3CD-7AB70ED43ED7}.UITest|iPhone.Build.0 = UITest|iPhone
		{D2319F98-AA43-484C-B3CD-7AB70ED43ED7}.UITest|iPhoneSimulator.ActiveCfg = UITest|iPhoneSimulator
		{D2319F98-AA43-484C-B3CD-7AB70ED43ED7}.UITest|iPhoneSimulator.Build.0 = UITest|iPhoneSimulator
		{D2319F98-AA43-484C-B3CD-7AB70ED43ED7}.UITest|x64.ActiveCfg = UITest|iPhone
		{D2319F98-AA43-484C-B3CD-7AB70ED43ED7}.UITest|x86.ActiveCfg = UITest|iPhone
		{BFE4088F-FB1B-4B90-8D40-5D9A3BBFAF09}.Ad-Hoc|Any CPU.ActiveCfg = Release|x86
		{BFE4088F-FB1B-4B90-8D40-5D9A3BBFAF09}.Ad-Hoc|Any CPU.Build.0 = Release|x86
		{BFE4088F-FB1B-4B90-8D40-5D9A3BBFAF09}.Ad-Hoc|Any CPU.Deploy.0 = Release|x86
		{BFE4088F-FB1B-4B90-8D40-5D9A3BBFAF09}.Ad-Hoc|ARM.ActiveCfg = Release|ARM
		{BFE4088F-FB1B-4B90-8D40-5D9A3BBFAF09}.Ad-Hoc|ARM.Build.0 = Release|ARM
		{BFE4088F-FB1B-4B90-8D40-5D9A3BBFAF09}.Ad-Hoc|ARM.Deploy.0 = Release|ARM
		{BFE4088F-FB1B-4B90-8D40-5D9A3BBFAF09}.Ad-Hoc|iPhone.ActiveCfg = Release|x86
		{BFE4088F-FB1B-4B90-8D40-5D9A3BBFAF09}.Ad-Hoc|iPhone.Build.0 = Release|x86
		{BFE4088F-FB1B-4B90-8D40-5D9A3BBFAF09}.Ad-Hoc|iPhone.Deploy.0 = Release|x86
		{BFE4088F-FB1B-4B90-8D40-5D9A3BBFAF09}.Ad-Hoc|iPhoneSimulator.ActiveCfg = Release|x86
		{BFE4088F-FB1B-4B90-8D40-5D9A3BBFAF09}.Ad-Hoc|iPhoneSimulator.Build.0 = Release|x86
		{BFE4088F-FB1B-4B90-8D40-5D9A3BBFAF09}.Ad-Hoc|iPhoneSimulator.Deploy.0 = Release|x86
		{BFE4088F-FB1B-4B90-8D40-5D9A3BBFAF09}.Ad-Hoc|x64.ActiveCfg = Release|x64
		{BFE4088F-FB1B-4B90-8D40-5D9A3BBFAF09}.Ad-Hoc|x64.Build.0 = Release|x64
		{BFE4088F-FB1B-4B90-8D40-5D9A3BBFAF09}.Ad-Hoc|x64.Deploy.0 = Release|x64
		{BFE4088F-FB1B-4B90-8D40-5D9A3BBFAF09}.Ad-Hoc|x86.ActiveCfg = Release|x86
		{BFE4088F-FB1B-4B90-8D40-5D9A3BBFAF09}.Ad-Hoc|x86.Build.0 = Release|x86
		{BFE4088F-FB1B-4B90-8D40-5D9A3BBFAF09}.Ad-Hoc|x86.Deploy.0 = Release|x86
		{BFE4088F-FB1B-4B90-8D40-5D9A3BBFAF09}.AppStore|Any CPU.ActiveCfg = Release|x86
		{BFE4088F-FB1B-4B90-8D40-5D9A3BBFAF09}.AppStore|Any CPU.Deploy.0 = Release|x86
		{BFE4088F-FB1B-4B90-8D40-5D9A3BBFAF09}.AppStore|ARM.ActiveCfg = Release|ARM
		{BFE4088F-FB1B-4B90-8D40-5D9A3BBFAF09}.AppStore|ARM.Build.0 = Release|ARM
		{BFE4088F-FB1B-4B90-8D40-5D9A3BBFAF09}.AppStore|ARM.Deploy.0 = Release|ARM
		{BFE4088F-FB1B-4B90-8D40-5D9A3BBFAF09}.AppStore|iPhone.ActiveCfg = Release|x86
		{BFE4088F-FB1B-4B90-8D40-5D9A3BBFAF09}.AppStore|iPhone.Deploy.0 = Release|x86
		{BFE4088F-FB1B-4B90-8D40-5D9A3BBFAF09}.AppStore|iPhoneSimulator.ActiveCfg = Release|x86
		{BFE4088F-FB1B-4B90-8D40-5D9A3BBFAF09}.AppStore|iPhoneSimulator.Build.0 = Release|x86
		{BFE4088F-FB1B-4B90-8D40-5D9A3BBFAF09}.AppStore|iPhoneSimulator.Deploy.0 = Release|x86
		{BFE4088F-FB1B-4B90-8D40-5D9A3BBFAF09}.AppStore|x64.ActiveCfg = Release|x64
		{BFE4088F-FB1B-4B90-8D40-5D9A3BBFAF09}.AppStore|x64.Build.0 = Release|x64
		{BFE4088F-FB1B-4B90-8D40-5D9A3BBFAF09}.AppStore|x64.Deploy.0 = Release|x64
		{BFE4088F-FB1B-4B90-8D40-5D9A3BBFAF09}.AppStore|x86.ActiveCfg = Release|x86
		{BFE4088F-FB1B-4B90-8D40-5D9A3BBFAF09}.AppStore|x86.Build.0 = Release|x86
		{BFE4088F-FB1B-4B90-8D40-5D9A3BBFAF09}.AppStore|x86.Deploy.0 = Release|x86
		{BFE4088F-FB1B-4B90-8D40-5D9A3BBFAF09}.Debug|Any CPU.ActiveCfg = Debug|x86
		{BFE4088F-FB1B-4B90-8D40-5D9A3BBFAF09}.Debug|ARM.ActiveCfg = Debug|ARM
		{BFE4088F-FB1B-4B90-8D40-5D9A3BBFAF09}.Debug|ARM.Build.0 = Debug|ARM
		{BFE4088F-FB1B-4B90-8D40-5D9A3BBFAF09}.Debug|ARM.Deploy.0 = Debug|ARM
		{BFE4088F-FB1B-4B90-8D40-5D9A3BBFAF09}.Debug|iPhone.ActiveCfg = Debug|x86
		{BFE4088F-FB1B-4B90-8D40-5D9A3BBFAF09}.Debug|iPhoneSimulator.ActiveCfg = Debug|x86
		{BFE4088F-FB1B-4B90-8D40-5D9A3BBFAF09}.Debug|x64.ActiveCfg = Debug|x64
		{BFE4088F-FB1B-4B90-8D40-5D9A3BBFAF09}.Debug|x64.Build.0 = Debug|x64
		{BFE4088F-FB1B-4B90-8D40-5D9A3BBFAF09}.Debug|x64.Deploy.0 = Debug|x64
		{BFE4088F-FB1B-4B90-8D40-5D9A3BBFAF09}.Debug|x86.ActiveCfg = Debug|x86
		{BFE4088F-FB1B-4B90-8D40-5D9A3BBFAF09}.Debug|x86.Build.0 = Debug|x86
		{BFE4088F-FB1B-4B90-8D40-5D9A3BBFAF09}.Debug|x86.Deploy.0 = Debug|x86
		{BFE4088F-FB1B-4B90-8D40-5D9A3BBFAF09}.Release|Any CPU.ActiveCfg = Release|x86
		{BFE4088F-FB1B-4B90-8D40-5D9A3BBFAF09}.Release|ARM.ActiveCfg = Release|ARM
		{BFE4088F-FB1B-4B90-8D40-5D9A3BBFAF09}.Release|ARM.Build.0 = Release|ARM
		{BFE4088F-FB1B-4B90-8D40-5D9A3BBFAF09}.Release|ARM.Deploy.0 = Release|ARM
		{BFE4088F-FB1B-4B90-8D40-5D9A3BBFAF09}.Release|iPhone.ActiveCfg = Release|x86
		{BFE4088F-FB1B-4B90-8D40-5D9A3BBFAF09}.Release|iPhoneSimulator.ActiveCfg = Release|x86
		{BFE4088F-FB1B-4B90-8D40-5D9A3BBFAF09}.Release|x64.ActiveCfg = Release|x64
		{BFE4088F-FB1B-4B90-8D40-5D9A3BBFAF09}.Release|x64.Build.0 = Release|x64
		{BFE4088F-FB1B-4B90-8D40-5D9A3BBFAF09}.Release|x64.Deploy.0 = Release|x64
		{BFE4088F-FB1B-4B90-8D40-5D9A3BBFAF09}.Release|x86.ActiveCfg = Release|x86
		{BFE4088F-FB1B-4B90-8D40-5D9A3BBFAF09}.Release|x86.Build.0 = Release|x86
		{BFE4088F-FB1B-4B90-8D40-5D9A3BBFAF09}.Release|x86.Deploy.0 = Release|x86
		{BFE4088F-FB1B-4B90-8D40-5D9A3BBFAF09}.UITest|Any CPU.ActiveCfg = UITest|x86
		{BFE4088F-FB1B-4B90-8D40-5D9A3BBFAF09}.UITest|ARM.ActiveCfg = UITest|ARM
		{BFE4088F-FB1B-4B90-8D40-5D9A3BBFAF09}.UITest|ARM.Build.0 = UITest|ARM
		{BFE4088F-FB1B-4B90-8D40-5D9A3BBFAF09}.UITest|ARM.Deploy.0 = UITest|ARM
		{BFE4088F-FB1B-4B90-8D40-5D9A3BBFAF09}.UITest|iPhone.ActiveCfg = UITest|x86
		{BFE4088F-FB1B-4B90-8D40-5D9A3BBFAF09}.UITest|iPhoneSimulator.ActiveCfg = UITest|x86
		{BFE4088F-FB1B-4B90-8D40-5D9A3BBFAF09}.UITest|x64.ActiveCfg = UITest|x64
		{BFE4088F-FB1B-4B90-8D40-5D9A3BBFAF09}.UITest|x64.Build.0 = UITest|x64
		{BFE4088F-FB1B-4B90-8D40-5D9A3BBFAF09}.UITest|x64.Deploy.0 = UITest|x64
		{BFE4088F-FB1B-4B90-8D40-5D9A3BBFAF09}.UITest|x86.ActiveCfg = UITest|x86
		{BFE4088F-FB1B-4B90-8D40-5D9A3BBFAF09}.UITest|x86.Build.0 = UITest|x86
		{BFE4088F-FB1B-4B90-8D40-5D9A3BBFAF09}.UITest|x86.Deploy.0 = UITest|x86
		{2B2B9A65-3292-422D-A01C-C41C372EB7C6}.Ad-Hoc|Any CPU.ActiveCfg = Release|Any CPU
		{2B2B9A65-3292-422D-A01C-C41C372EB7C6}.Ad-Hoc|Any CPU.Build.0 = Release|Any CPU
		{2B2B9A65-3292-422D-A01C-C41C372EB7C6}.Ad-Hoc|ARM.ActiveCfg = Release|Any CPU
		{2B2B9A65-3292-422D-A01C-C41C372EB7C6}.Ad-Hoc|ARM.Build.0 = Release|Any CPU
		{2B2B9A65-3292-422D-A01C-C41C372EB7C6}.Ad-Hoc|iPhone.ActiveCfg = Release|Any CPU
		{2B2B9A65-3292-422D-A01C-C41C372EB7C6}.Ad-Hoc|iPhone.Build.0 = Release|Any CPU
		{2B2B9A65-3292-422D-A01C-C41C372EB7C6}.Ad-Hoc|iPhoneSimulator.ActiveCfg = Release|Any CPU
		{2B2B9A65-3292-422D-A01C-C41C372EB7C6}.Ad-Hoc|iPhoneSimulator.Build.0 = Release|Any CPU
		{2B2B9A65-3292-422D-A01C-C41C372EB7C6}.Ad-Hoc|x64.ActiveCfg = Release|Any CPU
		{2B2B9A65-3292-422D-A01C-C41C372EB7C6}.Ad-Hoc|x64.Build.0 = Release|Any CPU
		{2B2B9A65-3292-422D-A01C-C41C372EB7C6}.Ad-Hoc|x86.ActiveCfg = Release|Any CPU
		{2B2B9A65-3292-422D-A01C-C41C372EB7C6}.Ad-Hoc|x86.Build.0 = Release|Any CPU
		{2B2B9A65-3292-422D-A01C-C41C372EB7C6}.AppStore|Any CPU.ActiveCfg = Release|Any CPU
		{2B2B9A65-3292-422D-A01C-C41C372EB7C6}.AppStore|Any CPU.Build.0 = Release|Any CPU
		{2B2B9A65-3292-422D-A01C-C41C372EB7C6}.AppStore|ARM.ActiveCfg = Release|Any CPU
		{2B2B9A65-3292-422D-A01C-C41C372EB7C6}.AppStore|ARM.Build.0 = Release|Any CPU
		{2B2B9A65-3292-422D-A01C-C41C372EB7C6}.AppStore|iPhone.ActiveCfg = Release|Any CPU
		{2B2B9A65-3292-422D-A01C-C41C372EB7C6}.AppStore|iPhoneSimulator.ActiveCfg = Release|Any CPU
		{2B2B9A65-3292-422D-A01C-C41C372EB7C6}.AppStore|iPhoneSimulator.Build.0 = Release|Any CPU
		{2B2B9A65-3292-422D-A01C-C41C372EB7C6}.AppStore|x64.ActiveCfg = Release|Any CPU
		{2B2B9A65-3292-422D-A01C-C41C372EB7C6}.AppStore|x64.Build.0 = Release|Any CPU
		{2B2B9A65-3292-422D-A01C-C41C372EB7C6}.AppStore|x86.ActiveCfg = Release|Any CPU
		{2B2B9A65-3292-422D-A01C-C41C372EB7C6}.AppStore|x86.Build.0 = Release|Any CPU
		{2B2B9A65-3292-422D-A01C-C41C372EB7C6}.Debug|Any CPU.ActiveCfg = Debug|Any CPU
		{2B2B9A65-3292-422D-A01C-C41C372EB7C6}.Debug|Any CPU.Build.0 = Debug|Any CPU
		{2B2B9A65-3292-422D-A01C-C41C372EB7C6}.Debug|ARM.ActiveCfg = Debug|Any CPU
		{2B2B9A65-3292-422D-A01C-C41C372EB7C6}.Debug|ARM.Build.0 = Debug|Any CPU
		{2B2B9A65-3292-422D-A01C-C41C372EB7C6}.Debug|iPhone.ActiveCfg = Debug|Any CPU
		{2B2B9A65-3292-422D-A01C-C41C372EB7C6}.Debug|iPhone.Build.0 = Debug|Any CPU
		{2B2B9A65-3292-422D-A01C-C41C372EB7C6}.Debug|iPhoneSimulator.ActiveCfg = Debug|Any CPU
		{2B2B9A65-3292-422D-A01C-C41C372EB7C6}.Debug|iPhoneSimulator.Build.0 = Debug|Any CPU
		{2B2B9A65-3292-422D-A01C-C41C372EB7C6}.Debug|x64.ActiveCfg = Debug|Any CPU
		{2B2B9A65-3292-422D-A01C-C41C372EB7C6}.Debug|x64.Build.0 = Debug|Any CPU
		{2B2B9A65-3292-422D-A01C-C41C372EB7C6}.Debug|x86.ActiveCfg = Debug|Any CPU
		{2B2B9A65-3292-422D-A01C-C41C372EB7C6}.Debug|x86.Build.0 = Debug|Any CPU
		{2B2B9A65-3292-422D-A01C-C41C372EB7C6}.Release|Any CPU.ActiveCfg = Release|Any CPU
		{2B2B9A65-3292-422D-A01C-C41C372EB7C6}.Release|Any CPU.Build.0 = Release|Any CPU
		{2B2B9A65-3292-422D-A01C-C41C372EB7C6}.Release|ARM.ActiveCfg = Release|Any CPU
		{2B2B9A65-3292-422D-A01C-C41C372EB7C6}.Release|ARM.Build.0 = Release|Any CPU
		{2B2B9A65-3292-422D-A01C-C41C372EB7C6}.Release|iPhone.ActiveCfg = Release|Any CPU
		{2B2B9A65-3292-422D-A01C-C41C372EB7C6}.Release|iPhone.Build.0 = Release|Any CPU
		{2B2B9A65-3292-422D-A01C-C41C372EB7C6}.Release|iPhoneSimulator.ActiveCfg = Release|Any CPU
		{2B2B9A65-3292-422D-A01C-C41C372EB7C6}.Release|iPhoneSimulator.Build.0 = Release|Any CPU
		{2B2B9A65-3292-422D-A01C-C41C372EB7C6}.Release|x64.ActiveCfg = Release|Any CPU
		{2B2B9A65-3292-422D-A01C-C41C372EB7C6}.Release|x64.Build.0 = Release|Any CPU
		{2B2B9A65-3292-422D-A01C-C41C372EB7C6}.Release|x86.ActiveCfg = Release|Any CPU
		{2B2B9A65-3292-422D-A01C-C41C372EB7C6}.Release|x86.Build.0 = Release|Any CPU
		{2B2B9A65-3292-422D-A01C-C41C372EB7C6}.UITest|Any CPU.ActiveCfg = UITest|Any CPU
		{2B2B9A65-3292-422D-A01C-C41C372EB7C6}.UITest|Any CPU.Build.0 = UITest|Any CPU
		{2B2B9A65-3292-422D-A01C-C41C372EB7C6}.UITest|ARM.ActiveCfg = UITest|Any CPU
		{2B2B9A65-3292-422D-A01C-C41C372EB7C6}.UITest|ARM.Build.0 = UITest|Any CPU
		{2B2B9A65-3292-422D-A01C-C41C372EB7C6}.UITest|iPhone.ActiveCfg = UITest|Any CPU
		{2B2B9A65-3292-422D-A01C-C41C372EB7C6}.UITest|iPhone.Build.0 = UITest|Any CPU
		{2B2B9A65-3292-422D-A01C-C41C372EB7C6}.UITest|iPhoneSimulator.ActiveCfg = UITest|Any CPU
		{2B2B9A65-3292-422D-A01C-C41C372EB7C6}.UITest|iPhoneSimulator.Build.0 = UITest|Any CPU
		{2B2B9A65-3292-422D-A01C-C41C372EB7C6}.UITest|x64.ActiveCfg = UITest|Any CPU
		{2B2B9A65-3292-422D-A01C-C41C372EB7C6}.UITest|x64.Build.0 = UITest|Any CPU
		{2B2B9A65-3292-422D-A01C-C41C372EB7C6}.UITest|x86.ActiveCfg = UITest|Any CPU
		{2B2B9A65-3292-422D-A01C-C41C372EB7C6}.UITest|x86.Build.0 = UITest|Any CPU
		{1316C9CC-0C08-467A-A963-10F04322C29F}.Ad-Hoc|Any CPU.ActiveCfg = Release|Any CPU
		{1316C9CC-0C08-467A-A963-10F04322C29F}.Ad-Hoc|Any CPU.Build.0 = Release|Any CPU
		{1316C9CC-0C08-467A-A963-10F04322C29F}.Ad-Hoc|ARM.ActiveCfg = Release|Any CPU
		{1316C9CC-0C08-467A-A963-10F04322C29F}.Ad-Hoc|ARM.Build.0 = Release|Any CPU
		{1316C9CC-0C08-467A-A963-10F04322C29F}.Ad-Hoc|iPhone.ActiveCfg = Release|Any CPU
		{1316C9CC-0C08-467A-A963-10F04322C29F}.Ad-Hoc|iPhone.Build.0 = Release|Any CPU
		{1316C9CC-0C08-467A-A963-10F04322C29F}.Ad-Hoc|iPhoneSimulator.ActiveCfg = Release|Any CPU
		{1316C9CC-0C08-467A-A963-10F04322C29F}.Ad-Hoc|iPhoneSimulator.Build.0 = Release|Any CPU
		{1316C9CC-0C08-467A-A963-10F04322C29F}.Ad-Hoc|x64.ActiveCfg = Release|Any CPU
		{1316C9CC-0C08-467A-A963-10F04322C29F}.Ad-Hoc|x64.Build.0 = Release|Any CPU
		{1316C9CC-0C08-467A-A963-10F04322C29F}.Ad-Hoc|x86.ActiveCfg = Release|Any CPU
		{1316C9CC-0C08-467A-A963-10F04322C29F}.Ad-Hoc|x86.Build.0 = Release|Any CPU
		{1316C9CC-0C08-467A-A963-10F04322C29F}.AppStore|Any CPU.ActiveCfg = Release|Any CPU
		{1316C9CC-0C08-467A-A963-10F04322C29F}.AppStore|Any CPU.Build.0 = Release|Any CPU
		{1316C9CC-0C08-467A-A963-10F04322C29F}.AppStore|ARM.ActiveCfg = Release|Any CPU
		{1316C9CC-0C08-467A-A963-10F04322C29F}.AppStore|ARM.Build.0 = Release|Any CPU
		{1316C9CC-0C08-467A-A963-10F04322C29F}.AppStore|iPhone.ActiveCfg = Release|Any CPU
		{1316C9CC-0C08-467A-A963-10F04322C29F}.AppStore|iPhoneSimulator.ActiveCfg = Release|Any CPU
		{1316C9CC-0C08-467A-A963-10F04322C29F}.AppStore|iPhoneSimulator.Build.0 = Release|Any CPU
		{1316C9CC-0C08-467A-A963-10F04322C29F}.AppStore|x64.ActiveCfg = Release|Any CPU
		{1316C9CC-0C08-467A-A963-10F04322C29F}.AppStore|x64.Build.0 = Release|Any CPU
		{1316C9CC-0C08-467A-A963-10F04322C29F}.AppStore|x86.ActiveCfg = Release|Any CPU
		{1316C9CC-0C08-467A-A963-10F04322C29F}.AppStore|x86.Build.0 = Release|Any CPU
		{1316C9CC-0C08-467A-A963-10F04322C29F}.Debug|Any CPU.ActiveCfg = Debug|Any CPU
		{1316C9CC-0C08-467A-A963-10F04322C29F}.Debug|Any CPU.Build.0 = Debug|Any CPU
		{1316C9CC-0C08-467A-A963-10F04322C29F}.Debug|ARM.ActiveCfg = Debug|Any CPU
		{1316C9CC-0C08-467A-A963-10F04322C29F}.Debug|ARM.Build.0 = Debug|Any CPU
		{1316C9CC-0C08-467A-A963-10F04322C29F}.Debug|iPhone.ActiveCfg = Debug|Any CPU
		{1316C9CC-0C08-467A-A963-10F04322C29F}.Debug|iPhoneSimulator.ActiveCfg = Debug|Any CPU
		{1316C9CC-0C08-467A-A963-10F04322C29F}.Debug|iPhoneSimulator.Build.0 = Debug|Any CPU
		{1316C9CC-0C08-467A-A963-10F04322C29F}.Debug|x64.ActiveCfg = Debug|Any CPU
		{1316C9CC-0C08-467A-A963-10F04322C29F}.Debug|x64.Build.0 = Debug|Any CPU
		{1316C9CC-0C08-467A-A963-10F04322C29F}.Debug|x86.ActiveCfg = Debug|Any CPU
		{1316C9CC-0C08-467A-A963-10F04322C29F}.Debug|x86.Build.0 = Debug|Any CPU
		{1316C9CC-0C08-467A-A963-10F04322C29F}.Release|Any CPU.ActiveCfg = Release|Any CPU
		{1316C9CC-0C08-467A-A963-10F04322C29F}.Release|Any CPU.Build.0 = Release|Any CPU
		{1316C9CC-0C08-467A-A963-10F04322C29F}.Release|ARM.ActiveCfg = Release|Any CPU
		{1316C9CC-0C08-467A-A963-10F04322C29F}.Release|ARM.Build.0 = Release|Any CPU
		{1316C9CC-0C08-467A-A963-10F04322C29F}.Release|iPhone.ActiveCfg = Release|Any CPU
		{1316C9CC-0C08-467A-A963-10F04322C29F}.Release|iPhone.Build.0 = Release|Any CPU
		{1316C9CC-0C08-467A-A963-10F04322C29F}.Release|iPhoneSimulator.ActiveCfg = Release|Any CPU
		{1316C9CC-0C08-467A-A963-10F04322C29F}.Release|iPhoneSimulator.Build.0 = Release|Any CPU
		{1316C9CC-0C08-467A-A963-10F04322C29F}.Release|x64.ActiveCfg = Release|Any CPU
		{1316C9CC-0C08-467A-A963-10F04322C29F}.Release|x64.Build.0 = Release|Any CPU
		{1316C9CC-0C08-467A-A963-10F04322C29F}.Release|x86.ActiveCfg = Release|Any CPU
		{1316C9CC-0C08-467A-A963-10F04322C29F}.Release|x86.Build.0 = Release|Any CPU
		{1316C9CC-0C08-467A-A963-10F04322C29F}.UITest|Any CPU.ActiveCfg = Release|Any CPU
		{1316C9CC-0C08-467A-A963-10F04322C29F}.UITest|Any CPU.Build.0 = Release|Any CPU
		{1316C9CC-0C08-467A-A963-10F04322C29F}.UITest|ARM.ActiveCfg = Release|Any CPU
		{1316C9CC-0C08-467A-A963-10F04322C29F}.UITest|ARM.Build.0 = Release|Any CPU
		{1316C9CC-0C08-467A-A963-10F04322C29F}.UITest|iPhone.ActiveCfg = Release|Any CPU
		{1316C9CC-0C08-467A-A963-10F04322C29F}.UITest|iPhoneSimulator.ActiveCfg = Release|Any CPU
		{1316C9CC-0C08-467A-A963-10F04322C29F}.UITest|iPhoneSimulator.Build.0 = Release|Any CPU
		{1316C9CC-0C08-467A-A963-10F04322C29F}.UITest|x64.ActiveCfg = Release|Any CPU
		{1316C9CC-0C08-467A-A963-10F04322C29F}.UITest|x64.Build.0 = Release|Any CPU
		{1316C9CC-0C08-467A-A963-10F04322C29F}.UITest|x86.ActiveCfg = Release|Any CPU
		{1316C9CC-0C08-467A-A963-10F04322C29F}.UITest|x86.Build.0 = Release|Any CPU
		{7C0491C0-B3EF-40FD-9C50-7706014A6BEF}.Ad-Hoc|Any CPU.ActiveCfg = Release|Any CPU
		{7C0491C0-B3EF-40FD-9C50-7706014A6BEF}.Ad-Hoc|Any CPU.Build.0 = Release|Any CPU
		{7C0491C0-B3EF-40FD-9C50-7706014A6BEF}.Ad-Hoc|Any CPU.Deploy.0 = Release|Any CPU
		{7C0491C0-B3EF-40FD-9C50-7706014A6BEF}.Ad-Hoc|ARM.ActiveCfg = Release|Any CPU
		{7C0491C0-B3EF-40FD-9C50-7706014A6BEF}.Ad-Hoc|ARM.Build.0 = Release|Any CPU
		{7C0491C0-B3EF-40FD-9C50-7706014A6BEF}.Ad-Hoc|ARM.Deploy.0 = Release|Any CPU
		{7C0491C0-B3EF-40FD-9C50-7706014A6BEF}.Ad-Hoc|iPhone.ActiveCfg = Release|Any CPU
		{7C0491C0-B3EF-40FD-9C50-7706014A6BEF}.Ad-Hoc|iPhone.Build.0 = Release|Any CPU
		{7C0491C0-B3EF-40FD-9C50-7706014A6BEF}.Ad-Hoc|iPhone.Deploy.0 = Release|Any CPU
		{7C0491C0-B3EF-40FD-9C50-7706014A6BEF}.Ad-Hoc|iPhoneSimulator.ActiveCfg = Release|Any CPU
		{7C0491C0-B3EF-40FD-9C50-7706014A6BEF}.Ad-Hoc|iPhoneSimulator.Build.0 = Release|Any CPU
		{7C0491C0-B3EF-40FD-9C50-7706014A6BEF}.Ad-Hoc|iPhoneSimulator.Deploy.0 = Release|Any CPU
		{7C0491C0-B3EF-40FD-9C50-7706014A6BEF}.Ad-Hoc|x64.ActiveCfg = Release|Any CPU
		{7C0491C0-B3EF-40FD-9C50-7706014A6BEF}.Ad-Hoc|x64.Build.0 = Release|Any CPU
		{7C0491C0-B3EF-40FD-9C50-7706014A6BEF}.Ad-Hoc|x64.Deploy.0 = Release|Any CPU
		{7C0491C0-B3EF-40FD-9C50-7706014A6BEF}.Ad-Hoc|x86.ActiveCfg = Release|Any CPU
		{7C0491C0-B3EF-40FD-9C50-7706014A6BEF}.Ad-Hoc|x86.Build.0 = Release|Any CPU
		{7C0491C0-B3EF-40FD-9C50-7706014A6BEF}.Ad-Hoc|x86.Deploy.0 = Release|Any CPU
		{7C0491C0-B3EF-40FD-9C50-7706014A6BEF}.AppStore|Any CPU.ActiveCfg = Release|Any CPU
		{7C0491C0-B3EF-40FD-9C50-7706014A6BEF}.AppStore|Any CPU.Build.0 = Release|Any CPU
		{7C0491C0-B3EF-40FD-9C50-7706014A6BEF}.AppStore|Any CPU.Deploy.0 = Release|Any CPU
		{7C0491C0-B3EF-40FD-9C50-7706014A6BEF}.AppStore|ARM.ActiveCfg = Release|Any CPU
		{7C0491C0-B3EF-40FD-9C50-7706014A6BEF}.AppStore|ARM.Build.0 = Release|Any CPU
		{7C0491C0-B3EF-40FD-9C50-7706014A6BEF}.AppStore|ARM.Deploy.0 = Release|Any CPU
		{7C0491C0-B3EF-40FD-9C50-7706014A6BEF}.AppStore|iPhone.ActiveCfg = Release|Any CPU
		{7C0491C0-B3EF-40FD-9C50-7706014A6BEF}.AppStore|iPhone.Deploy.0 = Release|Any CPU
		{7C0491C0-B3EF-40FD-9C50-7706014A6BEF}.AppStore|iPhoneSimulator.ActiveCfg = Release|Any CPU
		{7C0491C0-B3EF-40FD-9C50-7706014A6BEF}.AppStore|iPhoneSimulator.Build.0 = Release|Any CPU
		{7C0491C0-B3EF-40FD-9C50-7706014A6BEF}.AppStore|iPhoneSimulator.Deploy.0 = Release|Any CPU
		{7C0491C0-B3EF-40FD-9C50-7706014A6BEF}.AppStore|x64.ActiveCfg = Release|Any CPU
		{7C0491C0-B3EF-40FD-9C50-7706014A6BEF}.AppStore|x64.Build.0 = Release|Any CPU
		{7C0491C0-B3EF-40FD-9C50-7706014A6BEF}.AppStore|x64.Deploy.0 = Release|Any CPU
		{7C0491C0-B3EF-40FD-9C50-7706014A6BEF}.AppStore|x86.ActiveCfg = Release|Any CPU
		{7C0491C0-B3EF-40FD-9C50-7706014A6BEF}.AppStore|x86.Build.0 = Release|Any CPU
		{7C0491C0-B3EF-40FD-9C50-7706014A6BEF}.AppStore|x86.Deploy.0 = Release|Any CPU
		{7C0491C0-B3EF-40FD-9C50-7706014A6BEF}.Debug|Any CPU.ActiveCfg = Debug|Any CPU
		{7C0491C0-B3EF-40FD-9C50-7706014A6BEF}.Debug|Any CPU.Build.0 = Debug|Any CPU
		{7C0491C0-B3EF-40FD-9C50-7706014A6BEF}.Debug|Any CPU.Deploy.0 = Debug|Any CPU
		{7C0491C0-B3EF-40FD-9C50-7706014A6BEF}.Debug|ARM.ActiveCfg = Debug|Any CPU
		{7C0491C0-B3EF-40FD-9C50-7706014A6BEF}.Debug|ARM.Build.0 = Debug|Any CPU
		{7C0491C0-B3EF-40FD-9C50-7706014A6BEF}.Debug|ARM.Deploy.0 = Debug|Any CPU
		{7C0491C0-B3EF-40FD-9C50-7706014A6BEF}.Debug|iPhone.ActiveCfg = Debug|Any CPU
		{7C0491C0-B3EF-40FD-9C50-7706014A6BEF}.Debug|iPhone.Deploy.0 = Debug|Any CPU
		{7C0491C0-B3EF-40FD-9C50-7706014A6BEF}.Debug|iPhoneSimulator.ActiveCfg = Debug|Any CPU
		{7C0491C0-B3EF-40FD-9C50-7706014A6BEF}.Debug|iPhoneSimulator.Build.0 = Debug|Any CPU
		{7C0491C0-B3EF-40FD-9C50-7706014A6BEF}.Debug|iPhoneSimulator.Deploy.0 = Debug|Any CPU
		{7C0491C0-B3EF-40FD-9C50-7706014A6BEF}.Debug|x64.ActiveCfg = Debug|Any CPU
		{7C0491C0-B3EF-40FD-9C50-7706014A6BEF}.Debug|x64.Build.0 = Debug|Any CPU
		{7C0491C0-B3EF-40FD-9C50-7706014A6BEF}.Debug|x64.Deploy.0 = Debug|Any CPU
		{7C0491C0-B3EF-40FD-9C50-7706014A6BEF}.Debug|x86.ActiveCfg = Debug|Any CPU
		{7C0491C0-B3EF-40FD-9C50-7706014A6BEF}.Debug|x86.Build.0 = Debug|Any CPU
		{7C0491C0-B3EF-40FD-9C50-7706014A6BEF}.Debug|x86.Deploy.0 = Debug|Any CPU
		{7C0491C0-B3EF-40FD-9C50-7706014A6BEF}.Release|Any CPU.ActiveCfg = Release|Any CPU
		{7C0491C0-B3EF-40FD-9C50-7706014A6BEF}.Release|Any CPU.Build.0 = Release|Any CPU
		{7C0491C0-B3EF-40FD-9C50-7706014A6BEF}.Release|Any CPU.Deploy.0 = Release|Any CPU
		{7C0491C0-B3EF-40FD-9C50-7706014A6BEF}.Release|ARM.ActiveCfg = Release|Any CPU
		{7C0491C0-B3EF-40FD-9C50-7706014A6BEF}.Release|ARM.Build.0 = Release|Any CPU
		{7C0491C0-B3EF-40FD-9C50-7706014A6BEF}.Release|ARM.Deploy.0 = Release|Any CPU
		{7C0491C0-B3EF-40FD-9C50-7706014A6BEF}.Release|iPhone.ActiveCfg = Release|Any CPU
		{7C0491C0-B3EF-40FD-9C50-7706014A6BEF}.Release|iPhone.Build.0 = Release|Any CPU
		{7C0491C0-B3EF-40FD-9C50-7706014A6BEF}.Release|iPhone.Deploy.0 = Release|Any CPU
		{7C0491C0-B3EF-40FD-9C50-7706014A6BEF}.Release|iPhoneSimulator.ActiveCfg = Release|Any CPU
		{7C0491C0-B3EF-40FD-9C50-7706014A6BEF}.Release|iPhoneSimulator.Build.0 = Release|Any CPU
		{7C0491C0-B3EF-40FD-9C50-7706014A6BEF}.Release|iPhoneSimulator.Deploy.0 = Release|Any CPU
		{7C0491C0-B3EF-40FD-9C50-7706014A6BEF}.Release|x64.ActiveCfg = Release|Any CPU
		{7C0491C0-B3EF-40FD-9C50-7706014A6BEF}.Release|x64.Build.0 = Release|Any CPU
		{7C0491C0-B3EF-40FD-9C50-7706014A6BEF}.Release|x64.Deploy.0 = Release|Any CPU
		{7C0491C0-B3EF-40FD-9C50-7706014A6BEF}.Release|x86.ActiveCfg = Release|Any CPU
		{7C0491C0-B3EF-40FD-9C50-7706014A6BEF}.Release|x86.Build.0 = Release|Any CPU
		{7C0491C0-B3EF-40FD-9C50-7706014A6BEF}.Release|x86.Deploy.0 = Release|Any CPU
		{7C0491C0-B3EF-40FD-9C50-7706014A6BEF}.UITest|Any CPU.ActiveCfg = Release|Any CPU
		{7C0491C0-B3EF-40FD-9C50-7706014A6BEF}.UITest|Any CPU.Build.0 = Release|Any CPU
		{7C0491C0-B3EF-40FD-9C50-7706014A6BEF}.UITest|Any CPU.Deploy.0 = Release|Any CPU
		{7C0491C0-B3EF-40FD-9C50-7706014A6BEF}.UITest|ARM.ActiveCfg = Release|Any CPU
		{7C0491C0-B3EF-40FD-9C50-7706014A6BEF}.UITest|ARM.Build.0 = Release|Any CPU
		{7C0491C0-B3EF-40FD-9C50-7706014A6BEF}.UITest|ARM.Deploy.0 = Release|Any CPU
		{7C0491C0-B3EF-40FD-9C50-7706014A6BEF}.UITest|iPhone.ActiveCfg = Release|Any CPU
		{7C0491C0-B3EF-40FD-9C50-7706014A6BEF}.UITest|iPhone.Deploy.0 = Release|Any CPU
		{7C0491C0-B3EF-40FD-9C50-7706014A6BEF}.UITest|iPhoneSimulator.ActiveCfg = Release|Any CPU
		{7C0491C0-B3EF-40FD-9C50-7706014A6BEF}.UITest|iPhoneSimulator.Build.0 = Release|Any CPU
		{7C0491C0-B3EF-40FD-9C50-7706014A6BEF}.UITest|iPhoneSimulator.Deploy.0 = Release|Any CPU
		{7C0491C0-B3EF-40FD-9C50-7706014A6BEF}.UITest|x64.ActiveCfg = Release|Any CPU
		{7C0491C0-B3EF-40FD-9C50-7706014A6BEF}.UITest|x64.Build.0 = Release|Any CPU
		{7C0491C0-B3EF-40FD-9C50-7706014A6BEF}.UITest|x64.Deploy.0 = Release|Any CPU
		{7C0491C0-B3EF-40FD-9C50-7706014A6BEF}.UITest|x86.ActiveCfg = Release|Any CPU
		{7C0491C0-B3EF-40FD-9C50-7706014A6BEF}.UITest|x86.Build.0 = Release|Any CPU
		{7C0491C0-B3EF-40FD-9C50-7706014A6BEF}.UITest|x86.Deploy.0 = Release|Any CPU
		{242F1A7F-C45C-43F1-A5F9-495C436891AA}.Ad-Hoc|Any CPU.ActiveCfg = Ad-Hoc|iPhone
		{242F1A7F-C45C-43F1-A5F9-495C436891AA}.Ad-Hoc|ARM.ActiveCfg = Ad-Hoc|iPhone
		{242F1A7F-C45C-43F1-A5F9-495C436891AA}.Ad-Hoc|iPhone.ActiveCfg = Ad-Hoc|iPhone
		{242F1A7F-C45C-43F1-A5F9-495C436891AA}.Ad-Hoc|iPhone.Build.0 = Ad-Hoc|iPhone
		{242F1A7F-C45C-43F1-A5F9-495C436891AA}.Ad-Hoc|iPhoneSimulator.ActiveCfg = Ad-Hoc|iPhoneSimulator
		{242F1A7F-C45C-43F1-A5F9-495C436891AA}.Ad-Hoc|iPhoneSimulator.Build.0 = Ad-Hoc|iPhoneSimulator
		{242F1A7F-C45C-43F1-A5F9-495C436891AA}.Ad-Hoc|x64.ActiveCfg = Ad-Hoc|iPhone
		{242F1A7F-C45C-43F1-A5F9-495C436891AA}.Ad-Hoc|x86.ActiveCfg = Ad-Hoc|iPhone
		{242F1A7F-C45C-43F1-A5F9-495C436891AA}.AppStore|Any CPU.ActiveCfg = AppStore|iPhone
		{242F1A7F-C45C-43F1-A5F9-495C436891AA}.AppStore|ARM.ActiveCfg = AppStore|iPhone
		{242F1A7F-C45C-43F1-A5F9-495C436891AA}.AppStore|iPhone.ActiveCfg = AppStore|iPhone
		{242F1A7F-C45C-43F1-A5F9-495C436891AA}.AppStore|iPhoneSimulator.ActiveCfg = AppStore|iPhoneSimulator
		{242F1A7F-C45C-43F1-A5F9-495C436891AA}.AppStore|iPhoneSimulator.Build.0 = AppStore|iPhoneSimulator
		{242F1A7F-C45C-43F1-A5F9-495C436891AA}.AppStore|x64.ActiveCfg = AppStore|iPhone
		{242F1A7F-C45C-43F1-A5F9-495C436891AA}.AppStore|x86.ActiveCfg = AppStore|iPhone
		{242F1A7F-C45C-43F1-A5F9-495C436891AA}.Debug|Any CPU.ActiveCfg = Debug|iPhone
		{242F1A7F-C45C-43F1-A5F9-495C436891AA}.Debug|ARM.ActiveCfg = Debug|iPhone
		{242F1A7F-C45C-43F1-A5F9-495C436891AA}.Debug|iPhone.ActiveCfg = Debug|iPhone
		{242F1A7F-C45C-43F1-A5F9-495C436891AA}.Debug|iPhoneSimulator.ActiveCfg = Debug|iPhoneSimulator
		{242F1A7F-C45C-43F1-A5F9-495C436891AA}.Debug|iPhoneSimulator.Build.0 = Debug|iPhoneSimulator
		{242F1A7F-C45C-43F1-A5F9-495C436891AA}.Debug|x64.ActiveCfg = Debug|iPhone
		{242F1A7F-C45C-43F1-A5F9-495C436891AA}.Debug|x86.ActiveCfg = Debug|iPhone
		{242F1A7F-C45C-43F1-A5F9-495C436891AA}.Release|Any CPU.ActiveCfg = Release|iPhone
		{242F1A7F-C45C-43F1-A5F9-495C436891AA}.Release|ARM.ActiveCfg = Release|iPhone
		{242F1A7F-C45C-43F1-A5F9-495C436891AA}.Release|iPhone.ActiveCfg = Release|iPhone
		{242F1A7F-C45C-43F1-A5F9-495C436891AA}.Release|iPhone.Build.0 = Release|iPhone
		{242F1A7F-C45C-43F1-A5F9-495C436891AA}.Release|iPhoneSimulator.ActiveCfg = Release|iPhoneSimulator
		{242F1A7F-C45C-43F1-A5F9-495C436891AA}.Release|iPhoneSimulator.Build.0 = Release|iPhoneSimulator
		{242F1A7F-C45C-43F1-A5F9-495C436891AA}.Release|x64.ActiveCfg = Release|iPhone
		{242F1A7F-C45C-43F1-A5F9-495C436891AA}.Release|x86.ActiveCfg = Release|iPhone
		{242F1A7F-C45C-43F1-A5F9-495C436891AA}.UITest|Any CPU.ActiveCfg = AppStore|iPhone
		{242F1A7F-C45C-43F1-A5F9-495C436891AA}.UITest|Any CPU.Build.0 = AppStore|iPhone
		{242F1A7F-C45C-43F1-A5F9-495C436891AA}.UITest|ARM.ActiveCfg = AppStore|iPhone
		{242F1A7F-C45C-43F1-A5F9-495C436891AA}.UITest|ARM.Build.0 = AppStore|iPhone
		{242F1A7F-C45C-43F1-A5F9-495C436891AA}.UITest|iPhone.ActiveCfg = AppStore|iPhone
		{242F1A7F-C45C-43F1-A5F9-495C436891AA}.UITest|iPhoneSimulator.ActiveCfg = AppStore|iPhoneSimulator
		{242F1A7F-C45C-43F1-A5F9-495C436891AA}.UITest|iPhoneSimulator.Build.0 = AppStore|iPhoneSimulator
		{242F1A7F-C45C-43F1-A5F9-495C436891AA}.UITest|x64.ActiveCfg = AppStore|iPhone
		{242F1A7F-C45C-43F1-A5F9-495C436891AA}.UITest|x64.Build.0 = AppStore|iPhone
		{242F1A7F-C45C-43F1-A5F9-495C436891AA}.UITest|x86.ActiveCfg = AppStore|iPhone
		{242F1A7F-C45C-43F1-A5F9-495C436891AA}.UITest|x86.Build.0 = AppStore|iPhone
	EndGlobalSection
	GlobalSection(SolutionProperties) = preSolution
		HideSolutionNode = FALSE
	EndGlobalSection
EndGlobal
